
Microsoft Visual Studio Solution File, Format Version 12.00
# Visual Studio 15
VisualStudioVersion = 15.0.28307.421
MinimumVisualStudioVersion = 10.0.40219.1
Project("{8BC9CEB8-8B4A-11D0-8D11-00A0C91BC942}") = "client", "client\client.vcxproj", "{1634CD12-7C7A-4391-82B9-412E652939D8}"
	ProjectSection(ProjectDependencies) = postProject
		{6AE718EB-20AE-46E0-8ED2-FBB110C07184} = {6AE718EB-20AE-46E0-8ED2-FBB110C07184}
	EndProjectSection
EndProject
Project("{8BC9CEB8-8B4A-11D0-8D11-00A0C91BC942}") = "server", "server\server.vcxproj", "{298AD12B-16D4-4CB5-B5F0-277784BF7E19}"
	ProjectSection(ProjectDependencies) = postProject
		{6AE718EB-20AE-46E0-8ED2-FBB110C07184} = {6AE718EB-20AE-46E0-8ED2-FBB110C07184}
	EndProjectSection
EndProject
Project("{8BC9CEB8-8B4A-11D0-8D11-00A0C91BC942}") = "include", "include\include.vcxproj", "{6AE718EB-20AE-46E0-8ED2-FBB110C07184}"
EndProject
Global
	GlobalSection(SolutionConfigurationPlatforms) = preSolution
		Debug|x64 = Debug|x64
		Debug|x86 = Debug|x86
		Release|x64 = Release|x64
		Release|x86 = Release|x86
	EndGlobalSection
	GlobalSection(ProjectConfigurationPlatforms) = postSolution
		{1634CD12-7C7A-4391-82B9-412E652939D8}.Debug|x64.ActiveCfg = Debug|x64
		{1634CD12-7C7A-4391-82B9-412E652939D8}.Debug|x64.Build.0 = Debug|x64
		{1634CD12-7C7A-4391-82B9-412E652939D8}.Debug|x86.ActiveCfg = Debug|Win32
		{1634CD12-7C7A-4391-82B9-412E652939D8}.Debug|x86.Build.0 = Debug|Win32
		{1634CD12-7C7A-4391-82B9-412E652939D8}.Release|x64.ActiveCfg = Release|x64
		{1634CD12-7C7A-4391-82B9-412E652939D8}.Release|x64.Build.0 = Release|x64
		{1634CD12-7C7A-4391-82B9-412E652939D8}.Release|x86.ActiveCfg = Release|Win32
		{1634CD12-7C7A-4391-82B9-412E652939D8}.Release|x86.Build.0 = Release|Win32
		{298AD12B-16D4-4CB5-B5F0-277784BF7E19}.Debug|x64.ActiveCfg = Debug|x64
		{298AD12B-16D4-4CB5-B5F0-277784BF7E19}.Debug|x64.Build.0 = Debug|x64
		{298AD12B-16D4-4CB5-B5F0-277784BF7E19}.Debug|x86.ActiveCfg = Debug|Win32
		{298AD12B-16D4-4CB5-B5F0-277784BF7E19}.Debug|x86.Build.0 = Debug|Win32
		{298AD12B-16D4-4CB5-B5F0-277784BF7E19}.Release|x64.ActiveCfg = Release|x64
		{298AD12B-16D4-4CB5-B5F0-277784BF7E19}.Release|x64.Build.0 = Release|x64
		{298AD12B-16D4-4CB5-B5F0-277784BF7E19}.Release|x86.ActiveCfg = Release|Win32
		{298AD12B-16D4-4CB5-B5F0-277784BF7E19}.Release|x86.Build.0 = Release|Win32
		{6AE718EB-20AE-46E0-8ED2-FBB110C07184}.Debug|x64.ActiveCfg = Debug|x64
		{6AE718EB-20AE-46E0-8ED2-FBB110C07184}.Debug|x64.Build.0 = Debug|x64
		{6AE718EB-20AE-46E0-8ED2-FBB110C07184}.Debug|x86.ActiveCfg = Debug|Win32
		{6AE718EB-20AE-46E0-8ED2-FBB110C07184}.Debug|x86.Build.0 = Debug|Win32
		{6AE718EB-20AE-46E0-8ED2-FBB110C07184}.Release|x64.ActiveCfg = Release|x64
		{6AE718EB-20AE-46E0-8ED2-FBB110C07184}.Release|x64.Build.0 = Release|x64
		{6AE718EB-20AE-46E0-8ED2-FBB110C07184}.Release|x86.ActiveCfg = Release|Win32
		{6AE718EB-20AE-46E0-8ED2-FBB110C07184}.Release|x86.Build.0 = Release|Win32
	EndGlobalSection
	GlobalSection(SolutionProperties) = preSolution
		HideSolutionNode = FALSE
	EndGlobalSection
	GlobalSection(ExtensibilityGlobals) = postSolution
		SolutionGuid = {3B1CE16D-8544-4D2D-A489-E69135E5591A}
	EndGlobalSection
EndGlobal
